// !$*UTF8*$!
{
	archiveVersion = 1;
	classes = {
	};
	objectVersion = 77;
	objects = {

/* Begin PBXBuildFile section */
		028FF3694117DB082BC36AFC /* FirebaseAppCheck in Frameworks */ = {isa = PBXBuildFile; productRef = A30FA7C11DA666D3A9468E21 /* FirebaseAppCheck */; };
		89E4B8E36B4A025DAB860056 /* FirebaseCore in Frameworks */ = {isa = PBXBuildFile; productRef = CD4B13B23263B5B5715EEA52 /* FirebaseCore */; };
		D84031C557E11521ADEB7653 /* SumaiGuardApp.swift in Sources */ = {isa = PBXBuildFile; fileRef = 9F8CE89705A0D894F2904E2E /* SumaiGuardApp.swift */; };
		F483C6605C1B3C46ACD17D71 /* ProjectContractTests.swift in Sources */ = {isa = PBXBuildFile; fileRef = B313AED2F160AE8628CF82F5 /* ProjectContractTests.swift */; };
/* End PBXBuildFile section */

/* Begin PBXContainerItemProxy section */
		5E8A168755B07C3F54C9C8A1 /* PBXContainerItemProxy */ = {
			isa = PBXContainerItemProxy;
			containerPortal = 2CE797727B2AEDB02ACC72DF /* Project object */;
			proxyType = 1;
			remoteGlobalIDString = 212BA84CE6E74C433E6FEC99;
			remoteInfo = SumaiGuard;
		};
/* End PBXContainerItemProxy section */

/* Begin PBXFileReference section */
		81ADB6C1D57FBF99725E1277 /* SumaiGuard.app */ = {isa = PBXFileReference; includeInIndex = 0; lastKnownFileType = wrapper.application; path = SumaiGuard.app; sourceTree = BUILT_PRODUCTS_DIR; };
		92A875CD0E2E6AFF40DFB391 /* SumaiGuardTests.xctest */ = {isa = PBXFileReference; includeInIndex = 0; lastKnownFileType = wrapper.cfbundle; path = SumaiGuardTests.xctest; sourceTree = BUILT_PRODUCTS_DIR; };
		9660AAA9BFA421D6EF71ECFC /* Debug.xcconfig */ = {isa = PBXFileReference; lastKnownFileType = text.xcconfig; path = Debug.xcconfig; sourceTree = "<group>"; };
		9F8CE89705A0D894F2904E2E /* SumaiGuardApp.swift */ = {isa = PBXFileReference; lastKnownFileType = sourcecode.swift; path = SumaiGuardApp.swift; sourceTree = "<group>"; };
		B313AED2F160AE8628CF82F5 /* ProjectContractTests.swift */ = {isa = PBXFileReference; lastKnownFileType = sourcecode.swift; path = ProjectContractTests.swift; sourceTree = "<group>"; };
		CF15A45E467EFB128F3BF93E /* Release.xcconfig */ = {isa = PBXFileReference; lastKnownFileType = text.xcconfig; path = Release.xcconfig; sourceTree = "<group>"; };
/* End PBXFileReference section */

/* Begin PBXFrameworksBuildPhase section */
		4D262EE5BE43BCE377E119E0 /* Frameworks */ = {
			isa = PBXFrameworksBuildPhase;
			buildActionMask = 2147483647;
			files = (
				89E4B8E36B4A025DAB860056 /* FirebaseCore in Frameworks */,
				028FF3694117DB082BC36AFC /* FirebaseAppCheck in Frameworks */,
			);
			runOnlyForDeploymentPostprocessing = 0;
		};
/* End PBXFrameworksBuildPhase section */

/* Begin PBXGroup section */
		32D2BF15B673A5EE9F964BB4 /* SumaiGuard */ = {
			isa = PBXGroup;
			children = (
				E81C528F8B9DFC2ED0B6B611 /* App */,
			);
			path = SumaiGuard;
			sourceTree = "<group>";
		};
		3D1FA6A54216D1169E58D1EB = {
			isa = PBXGroup;
			children = (
				B16A26B9497077EDEEC420B8 /* Config */,
				32D2BF15B673A5EE9F964BB4 /* SumaiGuard */,
				BAE245C590CFDEABE7241EEF /* SumaiGuardTests */,
				F3F2CA10E8324869AC5E53A2 /* Products */,
			);
			sourceTree = "<group>";
		};
		B16A26B9497077EDEEC420B8 /* Config */ = {
			isa = PBXGroup;
			children = (
				9660AAA9BFA421D6EF71ECFC /* Debug.xcconfig */,
				CF15A45E467EFB128F3BF93E /* Release.xcconfig */,
			);
			name = Config;
			path = SumaiGuard/Config;
			sourceTree = "<group>";
		};
		BAE245C590CFDEABE7241EEF /* SumaiGuardTests */ = {
			isa = PBXGroup;
			children = (
				B313AED2F160AE8628CF82F5 /* ProjectContractTests.swift */,
			);
			path = SumaiGuardTests;
			sourceTree = "<group>";
		};
		E81C528F8B9DFC2ED0B6B611 /* App */ = {
			isa = PBXGroup;
			children = (
				9F8CE89705A0D894F2904E2E /* SumaiGuardApp.swift */,
			);
			path = App;
			sourceTree = "<group>";
		};
		F3F2CA10E8324869AC5E53A2 /* Products */ = {
			isa = PBXGroup;
			children = (
				81ADB6C1D57FBF99725E1277 /* SumaiGuard.app */,
				92A875CD0E2E6AFF40DFB391 /* SumaiGuardTests.xctest */,
			);
			name = Products;
			sourceTree = "<group>";
		};
/* End PBXGroup section */

/* Begin PBXNativeTarget section */
		212BA84CE6E74C433E6FEC99 /* SumaiGuard */ = {
			isa = PBXNativeTarget;
			buildConfigurationList = 61F549DD2CF55DE0C59D2006 /* Build configuration list for PBXNativeTarget "SumaiGuard" */;
			buildPhases = (
				25E926A965819466D8F0607E /* Sources */,
				4D262EE5BE43BCE377E119E0 /* Frameworks */,
			);
			buildRules = (
			);
			dependencies = (
			);
			name = SumaiGuard;
			packageProductDependencies = (
				CD4B13B23263B5B5715EEA52 /* FirebaseCore */,
				A30FA7C11DA666D3A9468E21 /* FirebaseAppCheck */,
			);
			productName = SumaiGuard;
			productReference = 81ADB6C1D57FBF99725E1277 /* SumaiGuard.app */;
			productType = "com.apple.product-type.application";
		};
		CC0262E62E5B77F6326BEA68 /* SumaiGuardTests */ = {
			isa = PBXNativeTarget;
			buildConfigurationList = 94CCC071B61100BA64E64867 /* Build configuration list for PBXNativeTarget "SumaiGuardTests" */;
			buildPhases = (
				1E619CA10907FBC5C4BDDEF3 /* Sources */,
			);
			buildRules = (
			);
			dependencies = (
				8EEDAC0F2BBE43495B8712CB /* PBXTargetDependency */,
			);
			name = SumaiGuardTests;
			packageProductDependencies = (
			);
			productName = SumaiGuardTests;
			productReference = 92A875CD0E2E6AFF40DFB391 /* SumaiGuardTests.xctest */;
			productType = "com.apple.product-type.bundle.unit-test";
		};
/* End PBXNativeTarget section */

/* Begin PBXProject section */
		2CE797727B2AEDB02ACC72DF /* Project object */ = {
			isa = PBXProject;
			attributes = {
				BuildIndependentTargetsInParallel = YES;
				LastUpgradeCheck = 1430;
				TargetAttributes = {
					212BA84CE6E74C433E6FEC99 = {
						ProvisioningStyle = Automatic;
					};
				};
			};
			buildConfigurationList = C38256CB6A3924CABAE16C38 /* Build configuration list for PBXProject "SumaiGuard" */;
			developmentRegion = en;
			hasScannedForEncodings = 0;
			knownRegions = (
				Base,
				en,
			);
			mainGroup = 3D1FA6A54216D1169E58D1EB;
			minimizedProjectReferenceProxies = 1;
			packageReferences = (
				92062C1A407B171D0243F670 /* XCRemoteSwiftPackageReference "firebase-ios-sdk" */,
			);
			preferredProjectObjectVersion = 77;
			productRefGroup = F3F2CA10E8324869AC5E53A2 /* Products */;
			projectDirPath = "";
			projectRoot = "";
			targets = (
				212BA84CE6E74C433E6FEC99 /* SumaiGuard */,
				CC0262E62E5B77F6326BEA68 /* SumaiGuardTests */,
			);
		};
/* End PBXProject section */

/* Begin PBXSourcesBuildPhase section */
		1E619CA10907FBC5C4BDDEF3 /* Sources */ = {
			isa = PBXSourcesBuildPhase;
			buildActionMask = 2147483647;
			files = (
				F483C6605C1B3C46ACD17D71 /* ProjectContractTests.swift in Sources */,
			);
			runOnlyForDeploymentPostprocessing = 0;
		};
		25E926A965819466D8F0607E /* Sources */ = {
			isa = PBXSourcesBuildPhase;
			buildActionMask = 2147483647;
			files = (
				D84031C557E11521ADEB7653 /* SumaiGuardApp.swift in Sources */,
			);
			runOnlyForDeploymentPostprocessing = 0;
		};
/* End PBXSourcesBuildPhase section */

/* Begin PBXTargetDependency section */
		8EEDAC0F2BBE43495B8712CB /* PBXTargetDependency */ = {
			isa = PBXTargetDependency;
			target = 212BA84CE6E74C433E6FEC99 /* SumaiGuard */;
			targetProxy = 5E8A168755B07C3F54C9C8A1 /* PBXContainerItemProxy */;
		};
/* End PBXTargetDependency section */

/* Begin XCBuildConfiguration section */
		208D069992B9765C9C90D560 /* Release */ = {
			isa = XCBuildConfiguration;
			baseConfigurationReference = CF15A45E467EFB128F3BF93E /* Release.xcconfig */;
			buildSettings = {
				ASSETCATALOG_COMPILER_APPICON_NAME = AppIcon;
				CODE_SIGN_IDENTITY = "iPhone Developer";
				CODE_SIGN_STYLE = Automatic;
				CURRENT_PROJECT_VERSION = 1;
				INFOPLIST_FILE = SumaiGuard/Info.plist;
				IPHONEOS_DEPLOYMENT_TARGET = 17.0;
				LD_RUNPATH_SEARCH_PATHS = (
					"$(inherited)",
					"@executable_path/Frameworks",
				);
				MARKETING_VERSION = 1.0;
				PRODUCT_BUNDLE_IDENTIFIER = com.zll.sumaiguard;
				SDKROOT = iphoneos;
				SWIFT_VERSION = 6.0;
				TARGETED_DEVICE_FAMILY = 1;
			};
			name = Release;
		};
		4BDFEB415B5387DD351607E8 /* Debug */ = {
			isa = XCBuildConfiguration;
			buildSettings = {
				ALWAYS_SEARCH_USER_PATHS = NO;
				CLANG_ANALYZER_NONNULL = YES;
				CLANG_ANALYZER_NUMBER_OBJECT_CONVERSION = YES_AGGRESSIVE;
				CLANG_CXX_LANGUAGE_STANDARD = "gnu++14";
				CLANG_CXX_LIBRARY = "libc++";
				CLANG_ENABLE_MODULES = YES;
				CLANG_ENABLE_OBJC_ARC = YES;
				CLANG_ENABLE_OBJC_WEAK = YES;
				CLANG_WARN_BLOCK_CAPTURE_AUTORELEASING = YES;
				CLANG_WARN_BOOL_CONVERSION = YES;
				CLANG_WARN_COMMA = YES;
				CLANG_WARN_CONSTANT_CONVERSION = YES;
				CLANG_WARN_DEPRECATED_OBJC_IMPLEMENTATIONS = YES;
				CLANG_WARN_DIRECT_OBJC_ISA_USAGE = YES_ERROR;
				CLANG_WARN_DOCUMENTATION_COMMENTS = YES;
				CLANG_WARN_EMPTY_BODY = YES;
				CLANG_WARN_ENUM_CONVERSION = YES;
				CLANG_WARN_INFINITE_RECURSION = YES;
				CLANG_WARN_INT_CONVERSION = YES;
				CLANG_WARN_NON_LITERAL_NULL_CONVERSION = YES;
				CLANG_WARN_OBJC_IMPLICIT_RETAIN_SELF = YES;
				CLANG_WARN_OBJC_LITERAL_CONVERSION = YES;
				CLANG_WARN_OBJC_ROOT_CLASS = YES_ERROR;
				CLANG_WARN_QUOTED_INCLUDE_IN_FRAMEWORK_HEADER = YES;
				CLANG_WARN_RANGE_LOOP_ANALYSIS = YES;
				CLANG_WARN_STRICT_PROTOTYPES = YES;
				CLANG_WARN_SUSPICIOUS_MOVE = YES;
				CLANG_WARN_UNGUARDED_AVAILABILITY = YES_AGGRESSIVE;
				CLANG_WARN_UNREACHABLE_CODE = YES;
				CLANG_WARN__DUPLICATE_METHOD_MATCH = YES;
				COPY_PHASE_STRIP = NO;
				DEBUG_INFORMATION_FORMAT = dwarf;
				ENABLE_STRICT_OBJC_MSGSEND = YES;
				ENABLE_TESTABILITY = YES;
				GCC_C_LANGUAGE_STANDARD = gnu11;
				GCC_DYNAMIC_NO_PIC = NO;
				GCC_NO_COMMON_BLOCKS = YES;
				GCC_OPTIMIZATION_LEVEL = 0;
				GCC_PREPROCESSOR_DEFINITIONS = (
					"$(inherited)",
					"DEBUG=1",
				);
				GCC_WARN_64_TO_32_BIT_CONVERSION = YES;
				GCC_WARN_ABOUT_RETURN_TYPE = YES_ERROR;
				GCC_WARN_UNDECLARED_SELECTOR = YES;
				GCC_WARN_UNINITIALIZED_AUTOS = YES_AGGRESSIVE;
				GCC_WARN_UNUSED_FUNCTION = YES;
				GCC_WARN_UNUSED_VARIABLE = YES;
				IPHONEOS_DEPLOYMENT_TARGET = 17.0;
				MTL_ENABLE_DEBUG_INFO = INCLUDE_SOURCE;
				MTL_FAST_MATH = YES;
				ONLY_ACTIVE_ARCH = YES;
				PRODUCT_NAME = "$(TARGET_NAME)";
				SDKROOT = iphoneos;
				SWIFT_ACTIVE_COMPILATION_CONDITIONS = DEBUG;
				SWIFT_OPTIMIZATION_LEVEL = "-Onone";
				SWIFT_VERSION = 5.0;
			};
			name = Debug;
		};
		6AE3145A3B8C262ED372FFA0 /* Debug */ = {
			isa = XCBuildConfiguration;
			baseConfigurationReference = 9660AAA9BFA421D6EF71ECFC /* Debug.xcconfig */;
			buildSettings = {
				ASSETCATALOG_COMPILER_APPICON_NAME = AppIcon;
				CODE_SIGN_IDENTITY = "iPhone Developer";
				CODE_SIGN_STYLE = Automatic;
				CURRENT_PROJECT_VERSION = 1;
				INFOPLIST_FILE = SumaiGuard/Info.plist;
				IPHONEOS_DEPLOYMENT_TARGET = 17.0;
				LD_RUNPATH_SEARCH_PATHS = (
					"$(inherited)",
					"@executable_path/Frameworks",
				);
				MARKETING_VERSION = 1.0;
				PRODUCT_BUNDLE_IDENTIFIER = com.zll.sumaiguard;
				SDKROOT = iphoneos;
				SWIFT_VERSION = 6.0;
				TARGETED_DEVICE_FAMILY = 1;
			};
			name = Debug;
		};
		A2D5A3DA251AB6D86DB1BEC5 /* Release */ = {
			isa = XCBuildConfiguration;
			buildSettings = {
				ALWAYS_SEARCH_USER_PATHS = NO;
				CLANG_ANALYZER_NONNULL = YES;
				CLANG_ANALYZER_NUMBER_OBJECT_CONVERSION = YES_AGGRESSIVE;
				CLANG_CXX_LANGUAGE_STANDARD = "gnu++14";
				CLANG_CXX_LIBRARY = "libc++";
				CLANG_ENABLE_MODULES = YES;
				CLANG_ENABLE_OBJC_ARC = YES;
				CLANG_ENABLE_OBJC_WEAK = YES;
				CLANG_WARN_BLOCK_CAPTURE_AUTORELEASING = YES;
				CLANG_WARN_BOOL_CONVERSION = YES;
				CLANG_WARN_COMMA = YES;
				CLANG_WARN_CONSTANT_CONVERSION = YES;
				CLANG_WARN_DEPRECATED_OBJC_IMPLEMENTATIONS = YES;
				CLANG_WARN_DIRECT_OBJC_ISA_USAGE = YES_ERROR;
				CLANG_WARN_DOCUMENTATION_COMMENTS = YES;
				CLANG_WARN_EMPTY_BODY = YES;
				CLANG_WARN_ENUM_CONVERSION = YES;
				CLANG_WARN_INFINITE_RECURSION = YES;
				CLANG_WARN_INT_CONVERSION = YES;
				CLANG_WARN_NON_LITERAL_NULL_CONVERSION = YES;
				CLANG_WARN_OBJC_IMPLICIT_RETAIN_SELF = YES;
				CLANG_WARN_OBJC_LITERAL_CONVERSION = YES;
				CLANG_WARN_OBJC_ROOT_CLASS = YES_ERROR;
				CLANG_WARN_QUOTED_INCLUDE_IN_FRAMEWORK_HEADER = YES;
				CLANG_WARN_RANGE_LOOP_ANALYSIS = YES;
				CLANG_WARN_STRICT_PROTOTYPES = YES;
				CLANG_WARN_SUSPICIOUS_MOVE = YES;
				CLANG_WARN_UNGUARDED_AVAILABILITY = YES_AGGRESSIVE;
				CLANG_WARN_UNREACHABLE_CODE = YES;
				CLANG_WARN__DUPLICATE_METHOD_MATCH = YES;
				COPY_PHASE_STRIP = NO;
				DEBUG_INFORMATION_FORMAT = "dwarf-with-dsym";
				ENABLE_NS_ASSERTIONS = NO;
				ENABLE_STRICT_OBJC_MSGSEND = YES;
				GCC_C_LANGUAGE_STANDARD = gnu11;
				GCC_NO_COMMON_BLOCKS = YES;
				GCC_WARN_64_TO_32_BIT_CONVERSION = YES;
				GCC_WARN_ABOUT_RETURN_TYPE = YES_ERROR;
				GCC_WARN_UNDECLARED_SELECTOR = YES;
				GCC_WARN_UNINITIALIZED_AUTOS = YES_AGGRESSIVE;
				GCC_WARN_UNUSED_FUNCTION = YES;
				GCC_WARN_UNUSED_VARIABLE = YES;
				IPHONEOS_DEPLOYMENT_TARGET = 17.0;
				MTL_ENABLE_DEBUG_INFO = NO;
				MTL_FAST_MATH = YES;
				PRODUCT_NAME = "$(TARGET_NAME)";
				SDKROOT = iphoneos;
				SWIFT_COMPILATION_MODE = wholemodule;
				SWIFT_OPTIMIZATION_LEVEL = "-O";
				SWIFT_VERSION = 5.0;
			};
			name = Release;
		};
		AAD8CF3A052CDD9172228645 /* Release */ = {
			isa = XCBuildConfiguration;
			buildSettings = {
				BUNDLE_LOADER = "$(TEST_HOST)";
				GENERATE_INFOPLIST_FILE = YES;
				IPHONEOS_DEPLOYMENT_TARGET = 17.0;
				LD_RUNPATH_SEARCH_PATHS = (
					"$(inherited)",
					"@executable_path/Frameworks",
					"@loader_path/Frameworks",
				);
				PRODUCT_BUNDLE_IDENTIFIER = com.zll.sumaiguard.tests;
				SDKROOT = iphoneos;
				SWIFT_VERSION = 6.0;
				TARGETED_DEVICE_FAMILY = 1;
				TEST_HOST = "$(BUILT_PRODUCTS_DIR)/SumaiGuard.app/SumaiGuard";
			};
			name = Release;
		};
		C8D5D86584CE1F8D22F33283 /* Debug */ = {
			isa = XCBuildConfiguration;
			buildSettings = {
				BUNDLE_LOADER = "$(TEST_HOST)";
				GENERATE_INFOPLIST_FILE = YES;
				IPHONEOS_DEPLOYMENT_TARGET = 17.0;
				LD_RUNPATH_SEARCH_PATHS = (
					"$(inherited)",
					"@executable_path/Frameworks",
					"@loader_path/Frameworks",
				);
				PRODUCT_BUNDLE_IDENTIFIER = com.zll.sumaiguard.tests;
				SDKROOT = iphoneos;
				SWIFT_VERSION = 6.0;
				TARGETED_DEVICE_FAMILY = 1;
				TEST_HOST = "$(BUILT_PRODUCTS_DIR)/SumaiGuard.app/SumaiGuard";
			};
			name = Debug;
		};
/* End XCBuildConfiguration section */

/* Begin XCConfigurationList section */
		61F549DD2CF55DE0C59D2006 /* Build configuration list for PBXNativeTarget "SumaiGuard" */ = {
			isa = XCConfigurationList;
			buildConfigurations = (
				6AE3145A3B8C262ED372FFA0 /* Debug */,
				208D069992B9765C9C90D560 /* Release */,
			);
			defaultConfigurationIsVisible = 0;
			defaultConfigurationName = Debug;
		};
		94CCC071B61100BA64E64867 /* Build configuration list for PBXNativeTarget "SumaiGuardTests" */ = {
			isa = XCConfigurationList;
			buildConfigurations = (
				C8D5D86584CE1F8D22F33283 /* Debug */,
				AAD8CF3A052CDD9172228645 /* Release */,
			);
			defaultConfigurationIsVisible = 0;
			defaultConfigurationName = Debug;
		};
		C38256CB6A3924CABAE16C38 /* Build configuration list for PBXProject "SumaiGuard" */ = {
			isa = XCConfigurationList;
			buildConfigurations = (
				4BDFEB415B5387DD351607E8 /* Debug */,
				A2D5A3DA251AB6D86DB1BEC5 /* Release */,
			);
			defaultConfigurationIsVisible = 0;
			defaultConfigurationName = Debug;
		};
/* End XCConfigurationList section */

/* Begin XCRemoteSwiftPackageReference section */
		92062C1A407B171D0243F670 /* XCRemoteSwiftPackageReference "firebase-ios-sdk" */ = {
			isa = XCRemoteSwiftPackageReference;
			repositoryURL = "https://github.com/firebase/firebase-ios-sdk.git";
			requirement = {
				kind = exactVersion;
				version = 12.17.0;
			};
		};
/* End XCRemoteSwiftPackageReference section */

/* Begin XCSwiftPackageProductDependency section */
		A30FA7C11DA666D3A9468E21 /* FirebaseAppCheck */ = {
			isa = XCSwiftPackageProductDependency;
			package = 92062C1A407B171D0243F670 /* XCRemoteSwiftPackageReference "firebase-ios-sdk" */;
			productName = FirebaseAppCheck;
		};
		CD4B13B23263B5B5715EEA52 /* FirebaseCore */ = {
			isa = XCSwiftPackageProductDependency;
			package = 92062C1A407B171D0243F670 /* XCRemoteSwiftPackageReference "firebase-ios-sdk" */;
			productName = FirebaseCore;
		};
/* End XCSwiftPackageProductDependency section */
	};
	rootObject = 2CE797727B2AEDB02ACC72DF /* Project object */;
}
